
Microsoft Visual Studio Solution File, Format Version 12.00
# Visual Studio Version 16
VisualStudioVersion = 16.0.33920.266
MinimumVisualStudioVersion = 10.0.40219.1
Project("{FAE04EC0-301F-11D3-BF4B-00C04F79EFBC}") = "Netflix_System", "Netflix_System\Netflix_System.csproj", "{9B1684C9-635A-44BB-828C-B766A8AD3953}"
EndProject
Project("{FAE04EC0-301F-11D3-BF4B-00C04F79EFBC}") = "Netflix.Model", "Netflix.Model\Netflix.Model.csproj", "{1A598AD5-B3B1-46F7-AD60-A5F307503B33}"
EndProject
Project("{FAE04EC0-301F-11D3-BF4B-00C04F79EFBC}") = "Netflix.DataAccess", "Netflix.DataAccess\Netflix.DataAccess.csproj", "{5236AFFB-291C-4A57-A01A-A0DF5F6E9021}"
EndProject
Global
	GlobalSection(SolutionConfigurationPlatforms) = preSolution
		Debug|Any CPU = Debug|Any CPU
		Release|Any CPU = Release|Any CPU
	EndGlobalSection
	GlobalSection(ProjectConfigurationPlatforms) = postSolution
		{9B1684C9-635A-44BB-828C-B766A8AD3953}.Debug|Any CPU.ActiveCfg = Debug|Any CPU
		{9B1684C9-635A-44BB-828C-B766A8AD3953}.Debug|Any CPU.Build.0 = Debug|Any CPU
		{9B1684C9-635A-44BB-828C-B766A8AD3953}.Release|Any CPU.ActiveCfg = Release|Any CPU
		{9B1684C9-635A-44BB-828C-B766A8AD3953}.Release|Any CPU.Build.0 = Release|Any CPU
		{1A598AD5-B3B1-46F7-AD60-A5F307503B33}.Debug|Any CPU.ActiveCfg = Debug|Any CPU
		{1A598AD5-B3B1-46F7-AD60-A5F307503B33}.Debug|Any CPU.Build.0 = Debug|Any CPU
		{1A598AD5-B3B1-46F7-AD60-A5F307503B33}.Release|Any CPU.ActiveCfg = Release|Any CPU
		{1A598AD5-B3B1-46F7-AD60-A5F307503B33}.Release|Any CPU.Build.0 = Release|Any CPU
		{5236AFFB-291C-4A57-A01A-A0DF5F6E9021}.Debug|Any CPU.ActiveCfg = Debug|Any CPU
		{5236AFFB-291C-4A57-A01A-A0DF5F6E9021}.Debug|Any CPU.Build.0 = Debug|Any CPU
		{5236AFFB-291C-4A57-A01A-A0DF5F6E9021}.Release|Any CPU.ActiveCfg = Release|Any CPU
		{5236AFFB-291C-4A57-A01A-A0DF5F6E9021}.Release|Any CPU.Build.0 = Release|Any CPU
	EndGlobalSection
	GlobalSection(SolutionProperties) = preSolution
		HideSolutionNode = FALSE
	EndGlobalSection
	GlobalSection(ExtensibilityGlobals) = postSolution
		SolutionGuid = {6303D497-C959-4C3C-8B43-B53DD29FCD09}
	EndGlobalSection
EndGlobal
